
Microsoft Visual Studio Solution File, Format Version 12.00
# Visual Studio Version 17
VisualStudioVersion = 17.5.33502.453
MinimumVisualStudioVersion = 10.0.40219.1
Project("{2150E333-8FDC-42A3-9474-1A3956D46DE8}") = "Entrance-Exam-Preparation", "Entrance-Exam-Preparation", "{CF9EBA78-7176-431B-88C2-DA5D41514A0B}"
EndProject
Project("{9A19103F-16F7-4668-BE54-9A1E7A4F7556}") = "DefinePersonClass", "Exercises\Entrance-Exam-Preparation\DefinePersonClass\DefinePersonClass.csproj", "{1C5CCE2F-41D0-4788-95F7-8BB0A846C93D}"
EndProject
Project("{9A19103F-16F7-4668-BE54-9A1E7A4F7556}") = "Family", "Exercises\Entrance-Exam-Preparation\Family\Family.csproj", "{9504B335-3E77-41E3-8471-5780B35DAC34}"
EndProject
Project("{9A19103F-16F7-4668-BE54-9A1E7A4F7556}") = "Statistics", "Exercises\Entrance-Exam-Preparation\Statistics\Statistics.csproj", "{D054404E-54D6-4EFE-89E5-EF3E4E13E448}"
EndProject
Project("{9A19103F-16F7-4668-BE54-9A1E7A4F7556}") = "DungeonestDark", "Exercises\Entrance-Exam-Preparation\DungeonestDark\DungeonestDark.csproj", "{83E8235C-9F4A-49BA-B0A2-D35BB7D4B630}"
EndProject
Project("{9A19103F-16F7-4668-BE54-9A1E7A4F7556}") = "RawData", "Exercises\Entrance-Exam-Preparation\RawData\RawData.csproj", "{2CBF4A98-06C2-4424-A5E4-0ADF9185FB63}"
EndProject
Project("{9A19103F-16F7-4668-BE54-9A1E7A4F7556}") = "Introduction", "Exercises\Entrance-Exam-Preparation\Introduction\Introduction.csproj", "{63BE73DA-C12A-4E56-B87C-DA2F936C115F}"
EndProject
Project("{2150E333-8FDC-42A3-9474-1A3956D46DE8}") = "Unit-Testing", "Unit-Testing", "{0915793B-4B90-4286-A314-1985A1706561}"
EndProject
Project("{2150E333-8FDC-42A3-9474-1A3956D46DE8}") = "DivisionExample", "DivisionExample", "{DF3FCFF6-477E-4CBC-8D3B-DADB41FABD2C}"
EndProject
Project("{2150E333-8FDC-42A3-9474-1A3956D46DE8}") = "GameExample", "GameExample", "{5DA11A72-5C02-4C8A-938C-F45CE79156B8}"
EndProject
Project("{9A19103F-16F7-4668-BE54-9A1E7A4F7556}") = "Division.Example", "Exercises\Unit-Testing\DivisionExample\Division.Example\Division.Example.csproj", "{1975609E-F90C-4AE9-9664-7CB97C8BBD66}"
EndProject
Project("{9A19103F-16F7-4668-BE54-9A1E7A4F7556}") = "Division.Tests", "Exercises\Unit-Testing\DivisionExample\Division.Tests\Division.Tests.csproj", "{4D68DF2B-3761-4F05-A5FD-7E9F81973B4F}"
EndProject
Project("{9A19103F-16F7-4668-BE54-9A1E7A4F7556}") = "Skeleton", "Exercises\Unit-Testing\GameExample\Skeleton\Skeleton.csproj", "{28166A20-4116-4981-BB68-795D1B4826E2}"
EndProject
Project("{9A19103F-16F7-4668-BE54-9A1E7A4F7556}") = "Game.Tests", "Exercises\Unit-Testing\GameExample\Game.Tests\Game.Tests.csproj", "{392D025D-C493-4C7A-86C6-D244FA21EE29}"
EndProject
Project("{2150E333-8FDC-42A3-9474-1A3956D46DE8}") = "Finding-And-Eliminating-Problems", "Finding-And-Eliminating-Problems", "{6EE15BA4-D5C0-4B49-9692-78E8CFA6F4D1}"
EndProject
Project("{9A19103F-16F7-4668-BE54-9A1E7A4F7556}") = "InstructionsSetWrongSolution", "Exercises\Finding-And-Eliminating-Problems\InstructionsSetWrongSolution\InstructionsSetWrongSolution.csproj", "{59E095F8-6641-495F-954A-27359FAA6F34}"
EndProject
Project("{9A19103F-16F7-4668-BE54-9A1E7A4F7556}") = "InstructionsSetWorkingSolution", "Exercises\Finding-And-Eliminating-Problems\InstructionsSetWorkingSolution\InstructionsSetWorkingSolution.csproj", "{CE7AD0D2-7F66-4CE9-806C-187C165E5DD8}"
EndProject
Project("{9A19103F-16F7-4668-BE54-9A1E7A4F7556}") = "BePositiveWrongSolution", "Exercises\Finding-And-Eliminating-Problems\BePositiveWrongSolution\BePositiveWrongSolution.csproj", "{AA57BE49-0B81-43AE-B649-FCF973FA7A74}"
EndProject
Project("{9A19103F-16F7-4668-BE54-9A1E7A4F7556}") = "BePositiveWorkingSolution", "Exercises\Finding-And-Eliminating-Problems\BePositiveWorkingSolution\BePositiveWorkingSolution.csproj", "{BA8A46CF-72FE-4797-BDDE-DFBE8B8B6D3F}"
EndProject
Project("{9A19103F-16F7-4668-BE54-9A1E7A4F7556}") = "ArrayTestWrongSolution", "Exercises\Finding-And-Eliminating-Problems\ArrayTestWrongSolution\ArrayTestWrongSolution.csproj", "{625F46F5-5B5B-4D97-A51D-F56F94CC2E4B}"
EndProject
Project("{9A19103F-16F7-4668-BE54-9A1E7A4F7556}") = "ArrayTestWorkingSolution", "Exercises\Finding-And-Eliminating-Problems\ArrayTestWorkingSolution\ArrayTestWorkingSolution.csproj", "{854D86F5-918B-46DF-8479-13F6135B7FD3}"
EndProject
Project("{9A19103F-16F7-4668-BE54-9A1E7A4F7556}") = "SubstringWrongSolution", "Exercises\Finding-And-Eliminating-Problems\SubstringWrongSolution\SubstringWrongSolution.csproj", "{BDBE96E0-2765-44A2-A034-6B639278D494}"
EndProject
Project("{9A19103F-16F7-4668-BE54-9A1E7A4F7556}") = "SubstringWorkingSolution", "Exercises\Finding-And-Eliminating-Problems\SubstringWorkingSolution\SubstringWorkingSolution.csproj", "{96D7575D-F432-405F-AAB1-07EEC13331C0}"
EndProject
Project("{9A19103F-16F7-4668-BE54-9A1E7A4F7556}") = "BitCarouselWrongSolution", "Exercises\Finding-And-Eliminating-Problems\BitCarouselWrongSolution\BitCarouselWrongSolution.csproj", "{EE3F1F14-6313-4737-AD23-C6ED40AF6FBB}"
EndProject
Project("{9A19103F-16F7-4668-BE54-9A1E7A4F7556}") = "BitCarouselWorkingSolution", "Exercises\Finding-And-Eliminating-Problems\BitCarouselWorkingSolution\BitCarouselWorkingSolution.csproj", "{397A7CC8-3226-4C87-B143-44CE8E5F9EAD}"
EndProject
Project("{2150E333-8FDC-42A3-9474-1A3956D46DE8}") = "Refactoring-And-Progressive-Changes", "Refactoring-And-Progressive-Changes", "{40CC68CA-C1E0-4CCE-8330-1A77CDA87F35}"
EndProject
Project("{9A19103F-16F7-4668-BE54-9A1E7A4F7556}") = "ArraySliderBadCode", "Exercises\Refactoring-And-Progressive-Changes\ArraySliderBadCode\ArraySliderBadCode.csproj", "{0E85D4F3-F208-4FEC-A4D6-FB4DC6FEAA88}"
EndProject
Project("{9A19103F-16F7-4668-BE54-9A1E7A4F7556}") = "ArraySliderRefactoredCode", "Exercises\Refactoring-And-Progressive-Changes\ArraySliderRefactoredCode\ArraySliderRefactoredCode.csproj", "{1B76293C-B46A-41BE-BFE0-8A171D522466}"
EndProject
Project("{9A19103F-16F7-4668-BE54-9A1E7A4F7556}") = "TestClient", "Exercises\Entrance-Exam-Preparation\TestClient\TestClient.csproj", "{2F7CF047-4758-4D1A-B8BC-20C90F3384CB}"
EndProject
Project("{9A19103F-16F7-4668-BE54-9A1E7A4F7556}") = "DataCheck", "Exercises\Entrance-Exam-Preparation\DataCheck\DataCheck.csproj", "{E69ECBF8-70E7-4D78-B9E8-5AE160FE4B40}"
EndProject
Project("{9A19103F-16F7-4668-BE54-9A1E7A4F7556}") = "Shopping", "Exercises\Entrance-Exam-Preparation\Shopping\Shopping.csproj", "{494F7726-E7F9-40FC-ACD9-45DB7A63F53A}"
EndProject
Project("{9A19103F-16F7-4668-BE54-9A1E7A4F7556}") = "UnknownMethodBadCode", "Exercises\Refactoring-And-Progressive-Changes\UnknownMethodBadCode\UnknownMethodBadCode.csproj", "{385C84CF-087D-404E-AD5F-4E9779F8E43B}"
EndProject
Project("{9A19103F-16F7-4668-BE54-9A1E7A4F7556}") = "UnknownMethodRefactoredCode", "Exercises\Refactoring-And-Progressive-Changes\UnknownMethodRefactoredCode\UnknownMethodRefactoredCode.csproj", "{668A744D-7144-4648-A86A-57B368F4D154}"
EndProject
Project("{9A19103F-16F7-4668-BE54-9A1E7A4F7556}") = "OrdersBadCode", "Exercises\Refactoring-And-Progressive-Changes\OrdersBadCode\OrdersBadCode.csproj", "{77BA2CF2-949F-405B-BA22-F75EAE58AE2F}"
EndProject
Project("{9A19103F-16F7-4668-BE54-9A1E7A4F7556}") = "OrdersRefactoredCode", "Exercises\Refactoring-And-Progressive-Changes\OrdersRefactoredCode\OrdersRefactoredCode.csproj", "{724F3724-12CA-435D-BC57-68CA7B4228ED}"
EndProject
Project("{9A19103F-16F7-4668-BE54-9A1E7A4F7556}") = "CarTrips", "Exercises\Entrance-Exam-Preparation\CarTrips\CarTrips.csproj", "{8700E5EE-115C-4E41-A989-A18FC1AB32E1}"
EndProject
Project("{9A19103F-16F7-4668-BE54-9A1E7A4F7556}") = "Banker", "Exercises\Entrance-Exam-Preparation\Banker\Banker.csproj", "{362FCF7D-FEC1-4985-BD9D-142242CA5CB9}"
EndProject
Project("{9A19103F-16F7-4668-BE54-9A1E7A4F7556}") = "MinesweeperBadCode", "Exercises\Refactoring-And-Progressive-Changes\MinesweeperBadCode\MinesweeperBadCode.csproj", "{57772589-8EBB-4674-9A5C-F7BA1B226E55}"
EndProject
Project("{9A19103F-16F7-4668-BE54-9A1E7A4F7556}") = "MinesweeperRefactoredCode", "Exercises\Refactoring-And-Progressive-Changes\MinesweeperRefactoredCode\MinesweeperRefactoredCode.csproj", "{CE28BC13-D1F0-40FA-BD37-0C9D3DCA37ED}"
EndProject
Project("{9A19103F-16F7-4668-BE54-9A1E7A4F7556}") = "YoloSnakeBadCode", "Exercises\Refactoring-And-Progressive-Changes\YoloSnakeBadCode\YoloSnakeBadCode.csproj", "{A558EEA3-8F5E-41E5-A5BF-4C9D6B89E207}"
EndProject
Project("{9A19103F-16F7-4668-BE54-9A1E7A4F7556}") = "YoloSnakeRefactoredCode", "Exercises\Refactoring-And-Progressive-Changes\YoloSnakeRefactoredCode\YoloSnakeRefactoredCode.csproj", "{2A4A5E99-63B3-4904-BDC3-0EA6560D251D}"
EndProject
Project("{9A19103F-16F7-4668-BE54-9A1E7A4F7556}") = "EventBadCode", "Exercises\Refactoring-And-Progressive-Changes\EventBadCode\EventBadCode.csproj", "{15FA5CE6-DE87-4958-B9FE-78EDCAB02E5F}"
EndProject
Project("{9A19103F-16F7-4668-BE54-9A1E7A4F7556}") = "EventRefactoredCode", "Exercises\Refactoring-And-Progressive-Changes\EventRefactoredCode\EventRefactoredCode.csproj", "{B88FDF05-B558-4BE7-8B54-3A739829AF6F}"
EndProject
Project("{9A19103F-16F7-4668-BE54-9A1E7A4F7556}") = "YoloSnakeDocumentedCode", "Exercises\Refactoring-And-Progressive-Changes\YoloSnakeDocumentedCode\YoloSnakeDocumentedCode.csproj", "{0F063E1E-243A-4E3A-A89A-AD8BAB5D1917}"
EndProject
Project("{9A19103F-16F7-4668-BE54-9A1E7A4F7556}") = "StringExtensions", "Exercises\Refactoring-And-Progressive-Changes\StringExtensions\StringExtensions.csproj", "{0EBE6C3F-42C6-4575-96C2-5F736E344A28}"
EndProject
Project("{9A19103F-16F7-4668-BE54-9A1E7A4F7556}") = "StringExtensionsDocumentedCode", "Exercises\Refactoring-And-Progressive-Changes\StringExtensionsDocumentedCode\StringExtensionsDocumentedCode.csproj", "{4BDE0771-E02B-4019-ABA3-93571307DC61}"
EndProject
Project("{9A19103F-16F7-4668-BE54-9A1E7A4F7556}") = "FiveSpecialLettersBadCode", "Exercises\Refactoring-And-Progressive-Changes\FiveSpecialLettersBadCode\FiveSpecialLettersBadCode.csproj", "{0474D3FA-71B1-4E05-8539-7298D8705D34}"
EndProject
Project("{9A19103F-16F7-4668-BE54-9A1E7A4F7556}") = "FiveSpecialLettersRefactored", "Exercises\Refactoring-And-Progressive-Changes\FiveSpecialLettersRefactored\FiveSpecialLettersRefactored.csproj", "{173D9214-27AD-4FA3-A912-1BBA30916B6C}"
EndProject
Project("{9A19103F-16F7-4668-BE54-9A1E7A4F7556}") = "HighQualityMethodsBadCode", "Exercises\Refactoring-And-Progressive-Changes\HighQualityMethodsBadCode\HighQualityMethodsBadCode.csproj", "{673FEDBD-4268-495F-8E4D-0182C3BE89BF}"
EndProject
Project("{9A19103F-16F7-4668-BE54-9A1E7A4F7556}") = "HighQualityMethodsRefactored", "Exercises\Refactoring-And-Progressive-Changes\HighQualityMethodsRefactored\HighQualityMethodsRefactored.csproj", "{2E6ED5C9-1EB7-444D-9D25-0C296B471EF3}"
EndProject
Project("{9A19103F-16F7-4668-BE54-9A1E7A4F7556}") = "AbstractionBadCode", "Exercises\Refactoring-And-Progressive-Changes\AbstractionBadCode\AbstractionBadCode.csproj", "{872B6C48-8AE2-4857-BC8D-DF44855BBDE8}"
EndProject
Project("{9A19103F-16F7-4668-BE54-9A1E7A4F7556}") = "AbstractionRefactoredCode", "Exercises\Refactoring-And-Progressive-Changes\AbstractionRefactoredCode\AbstractionRefactoredCode.csproj", "{FDF0A57F-1325-4D10-9E02-71FD625CA9CA}"
EndProject
Project("{9A19103F-16F7-4668-BE54-9A1E7A4F7556}") = "CohesionAndCouplingBadCode", "Exercises\Refactoring-And-Progressive-Changes\CohesionAndCouplingBadCode\CohesionAndCouplingBadCode.csproj", "{741E90C8-17DF-4831-88A3-22E291E8F032}"
EndProject
Project("{9A19103F-16F7-4668-BE54-9A1E7A4F7556}") = "CohesionAndCouplingRefactored", "Exercises\Refactoring-And-Progressive-Changes\CohesionAndCouplingRefactored\CohesionAndCouplingRefactored.csproj", "{37DA8E04-896F-4D75-844D-DAF9C6636976}"
EndProject
Project("{9A19103F-16F7-4668-BE54-9A1E7A4F7556}") = "InheritanceAndPolymorphismBad", "Exercises\Refactoring-And-Progressive-Changes\InheritanceAndPolymorphismBad\InheritanceAndPolymorphismBad.csproj", "{B030FAB7-9E5B-42D3-ABBA-0E1DE63995BE}"
EndProject
Project("{9A19103F-16F7-4668-BE54-9A1E7A4F7556}") = "InheritanceAndPolymorphismGood", "Exercises\Refactoring-And-Progressive-Changes\InheritanceAndPolymorphismGood\InheritanceAndPolymorphismGood.csproj", "{273E3D75-FC8E-4A7C-A3FC-31E097E40C5D}"
EndProject
Project("{9A19103F-16F7-4668-BE54-9A1E7A4F7556}") = "RotatingWalkInMatrixBadCode", "Exercises\Refactoring-And-Progressive-Changes\RotatingWalkInMatrixBadCode\RotatingWalkInMatrixBadCode.csproj", "{DB7F9B5B-EDAD-4AE3-9A37-9FDFA6B1233B}"
EndProject
Project("{9A19103F-16F7-4668-BE54-9A1E7A4F7556}") = "RotatingWalkInMatrixRefactored", "Exercises\Refactoring-And-Progressive-Changes\RotatingWalkInMatrixRefactored\RotatingWalkInMatrixRefactored.csproj", "{A73483EB-EF8C-4799-BB7E-473C36EA52F1}"
EndProject
Project("{9A19103F-16F7-4668-BE54-9A1E7A4F7556}") = "Bloaters", "Exercises\Refactoring-And-Progressive-Changes\Bloaters\Bloaters.csproj", "{BE7EF085-F6FF-49E0-8D6D-8FF7151D8197}"
EndProject
Project("{9A19103F-16F7-4668-BE54-9A1E7A4F7556}") = "ChangePreventers", "Exercises\Refactoring-And-Progressive-Changes\ChangePreventers\ChangePreventers.csproj", "{CA1D2F42-7D74-4CF5-B8E8-EC385A32EB77}"
EndProject
Project("{9A19103F-16F7-4668-BE54-9A1E7A4F7556}") = "CustomGenericList", "Exercises\Refactoring-And-Progressive-Changes\CustomGenericList\CustomGenericList.csproj", "{B703C3F7-35F4-4524-81F6-04F69677E4C9}"
EndProject
Project("{9A19103F-16F7-4668-BE54-9A1E7A4F7556}") = "RefactoringChanges", "Exercises\Refactoring-And-Progressive-Changes\RefactoringChanges\RefactoringChanges.csproj", "{BCB3AE63-9EBD-4051-821B-C90472CB7309}"
EndProject
Project("{9A19103F-16F7-4668-BE54-9A1E7A4F7556}") = "ChangePreventersRefactored", "Exercises\Refactoring-And-Progressive-Changes\ChangePreventersRefactored\ChangePreventersRefactored.csproj", "{2F2FF8B3-E0C9-4D17-95C7-9B859972E8A1}"
EndProject
Project("{9A19103F-16F7-4668-BE54-9A1E7A4F7556}") = "RefactoringChangesBetter", "Exercises\Refactoring-And-Progressive-Changes\RefactoringChangesBetter\RefactoringChangesBetter.csproj", "{21C033FD-B31A-4835-BCD3-591AF9B3486F}"
EndProject
Project("{9A19103F-16F7-4668-BE54-9A1E7A4F7556}") = "ObjectOrientedAbusers", "Exercises\Refactoring-And-Progressive-Changes\ObjectOrientedAbusers\ObjectOrientedAbusers.csproj", "{2C79F3E8-64B2-4B09-9F81-D0869FF89C52}"
EndProject
Project("{2150E333-8FDC-42A3-9474-1A3956D46DE8}") = "Practical-Exams", "Practical-Exams", "{407EC89C-FEB1-4F4C-9703-477BB7B389C7}"
EndProject
Project("{9A19103F-16F7-4668-BE54-9A1E7A4F7556}") = "CargoTransportation", "Exercises\Practical-Exams\CargoTransportation\CargoTransportation.csproj", "{F03D19C7-EA74-4523-9651-EECA881BB017}"
EndProject
Project("{9A19103F-16F7-4668-BE54-9A1E7A4F7556}") = "SkiTripConsoleMVC", "Exercises\Practical-Exams\SkiTrip\SkiTripConsoleMVC.csproj", "{4A371E0D-778A-4DC6-B875-0C5749D521CA}"
EndProject
Project("{2150E333-8FDC-42A3-9474-1A3956D46DE8}") = "Shopping", "Shopping", "{110B5432-4526-4DC5-A30B-406E6E6F1A50}"
EndProject
Project("{9A19103F-16F7-4668-BE54-9A1E7A4F7556}") = "Skeleton", "Exercises\Unit-Testing\Shopping\Skeleton\Skeleton.csproj", "{51E23D92-81F1-4EFE-A375-EAFD5161982B}"
EndProject
Project("{9A19103F-16F7-4668-BE54-9A1E7A4F7556}") = "Shopping.Tests", "Exercises\Unit-Testing\Shopping\Shopping.Tests\Shopping.Tests.csproj", "{0C862C8A-16CF-413B-A846-6334847B4C16}"
EndProject
Project("{2150E333-8FDC-42A3-9474-1A3956D46DE8}") = "Journey", "Journey", "{1CC5E250-6CAF-4392-A4AC-85B82D068DC8}"
EndProject
Project("{9A19103F-16F7-4668-BE54-9A1E7A4F7556}") = "Skeleton", "Exercises\Unit-Testing\Journey\Skeleton\Skeleton.csproj", "{27884B09-1F83-4A5F-81B7-89098A84C9A8}"
EndProject
Project("{9A19103F-16F7-4668-BE54-9A1E7A4F7556}") = "Journey.Tests", "Exercises\Unit-Testing\Journey\Journey.Tests\Journey.Tests.csproj", "{93242B5A-B3F9-4167-8187-91B92930F6FF}"
EndProject
Project("{2150E333-8FDC-42A3-9474-1A3956D46DE8}") = "Development-Tools", "Development-Tools", "{6A385D7C-3DF8-4FEF-BDF2-E6791444959D}"
EndProject
Project("{9A19103F-16F7-4668-BE54-9A1E7A4F7556}") = "PersonWithBankAccounts", "Exercises\Development-Tools\PersonWithBankAccounts\PersonWithBankAccounts.csproj", "{1B6FBC2F-096F-4DE3-A788-2D054E0A3278}"
EndProject
Project("{2150E333-8FDC-42A3-9474-1A3956D46DE8}") = "Packages-And-External-Libraries", "Packages-And-External-Libraries", "{0FAC3A5E-C8A1-4F0B-9AE5-FFD57401A0BB}"
EndProject
Project("{9A19103F-16F7-4668-BE54-9A1E7A4F7556}") = "JSONSerialization", "Exercises\Packages-And-External-Libraries\JSONSerialization\JSONSerialization.csproj", "{9FF8E298-2E25-4ABC-B107-5FD9592024FC}"
EndProject
Project("{9A19103F-16F7-4668-BE54-9A1E7A4F7556}") = "JSONDeserialization", "Exercises\Packages-And-External-Libraries\JSONDeserialization\JSONDeserialization.csproj", "{65FB2AAE-FA58-4841-9A05-996A916C2F59}"
EndProject
Project("{9A19103F-16F7-4668-BE54-9A1E7A4F7556}") = "TesseractExternalLibraryUsageExample", "Exercises\Packages-And-External-Libraries\TesseractExternalLibraryUsageExample\TesseractExternalLibraryUsageExample.csproj", "{2364CECE-B584-4D24-8A5C-9C1905C7ED01}"
EndProject
Project("{2150E333-8FDC-42A3-9474-1A3956D46DE8}") = "Connecting-Applications-To-Databases", "Connecting-Applications-To-Databases", "{CCD73273-4607-4CFD-914B-34785290E298}"
EndProject
Project("{9A19103F-16F7-4668-BE54-9A1E7A4F7556}") = "PokemonTrainer", "Exercises\Packages-And-External-Libraries\PokemonTrainer\PokemonTrainer.csproj", "{A18FE850-D5E4-49CA-851B-CDF445F5824F}"
EndProject
Project("{9A19103F-16F7-4668-BE54-9A1E7A4F7556}") = "PokemonTrainerJSON", "Exercises\Packages-And-External-Libraries\PokemonTrainerJSON\PokemonTrainerJSON.csproj", "{048C02D9-3A7B-488A-8AA9-9EA41264A97A}"
EndProject
Project("{9A19103F-16F7-4668-BE54-9A1E7A4F7556}") = "CreatingABasketballTeamJSON", "Exercises\Practical-Exams\CreatingABasketballTeamJSON\CreatingABasketballTeamJSON.csproj", "{2B0E1B6E-E0C5-428E-B9A7-E196A5805BDA}"
EndProject
Project("{9A19103F-16F7-4668-BE54-9A1E7A4F7556}") = "VillainsNames", "Exercises\Connecting-Applications-To-Databases\VillainsNames\VillainsNames.csproj", "{B06436E0-02C7-4253-9232-C62529996B28}"
EndProject
Project("{9A19103F-16F7-4668-BE54-9A1E7A4F7556}") = "VillainsNamesAsync", "Exercises\Connecting-Applications-To-Databases\VillainsNamesAsync\VillainsNamesAsync.csproj", "{153FE116-E22D-48D8-BC53-E78B50DD8B9E}"
EndProject
Project("{9A19103F-16F7-4668-BE54-9A1E7A4F7556}") = "MinionsNames", "Exercises\Connecting-Applications-To-Databases\MinionsNames\MinionsNames.csproj", "{57C8EB9B-566D-466A-B2F1-7B4EBACBEC9D}"
EndProject
Project("{9A19103F-16F7-4668-BE54-9A1E7A4F7556}") = "MinionsNamesAsync", "Exercises\Connecting-Applications-To-Databases\MinionsNamesAsync\MinionsNamesAsync.csproj", "{949CC2D2-764C-4826-90BB-2FEC9EBD7BEE}"
EndProject
Project("{9A19103F-16F7-4668-BE54-9A1E7A4F7556}") = "AddAMinion", "Exercises\Connecting-Applications-To-Databases\AddAMinion\AddAMinion.csproj", "{8C088607-5986-4491-926B-C3E66E1BA369}"
EndProject
Project("{9A19103F-16F7-4668-BE54-9A1E7A4F7556}") = "AddAMinionAsync", "Exercises\Connecting-Applications-To-Databases\AddAMinionAsync\AddAMinionAsync.csproj", "{05886A2E-0EA3-4CC2-980C-75C63C3C0B80}"
EndProject
Project("{9A19103F-16F7-4668-BE54-9A1E7A4F7556}") = "ChangeTownNamesCasing", "Exercises\Connecting-Applications-To-Databases\ChangeTownNamesCasing\ChangeTownNamesCasing.csproj", "{423B835A-291D-466B-A3E2-01DDA4014D67}"
EndProject
Project("{9A19103F-16F7-4668-BE54-9A1E7A4F7556}") = "ChangeTownNamesCasingAsync", "Exercises\Connecting-Applications-To-Databases\ChangeTownNamesCasingAsync\ChangeTownNamesCasingAsync.csproj", "{E53D5612-B554-40D2-80E6-9B4115EC8D0F}"
EndProject
Project("{9A19103F-16F7-4668-BE54-9A1E7A4F7556}") = "RemoveVillain", "Exercises\Connecting-Applications-To-Databases\RemoveVillain\RemoveVillain.csproj", "{D3AF1782-E0EE-44D5-AFA7-3A0C9DF7C042}"
EndProject
Project("{9A19103F-16F7-4668-BE54-9A1E7A4F7556}") = "RemoveVillainAsync", "Exercises\Connecting-Applications-To-Databases\RemoveVillainAsync\RemoveVillainAsync.csproj", "{B9FA3893-51DE-4D12-BA00-A9D40AB8E48F}"
EndProject
Project("{9A19103F-16F7-4668-BE54-9A1E7A4F7556}") = "GetAllMinionsNames", "Exercises\Connecting-Applications-To-Databases\GetAllMinionsNames\GetAllMinionsNames.csproj", "{B769D712-4E7E-4744-96A3-1ED33E9A65A5}"
EndProject
Project("{9A19103F-16F7-4668-BE54-9A1E7A4F7556}") = "GetAllMinionsNamesAsync", "Exercises\Connecting-Applications-To-Databases\GetAllMinionsNamesAsync\GetAllMinionsNamesAsync.csproj", "{698E217F-85CD-4798-85CA-54F2C81621AA}"
EndProject
Project("{9A19103F-16F7-4668-BE54-9A1E7A4F7556}") = "IncreaseMinionAge", "Exercises\Connecting-Applications-To-Databases\IncreaseMinionAge\IncreaseMinionAge.csproj", "{CBE8FEFF-54B9-4429-91BF-3A1E78BB39F2}"
EndProject
Project("{9A19103F-16F7-4668-BE54-9A1E7A4F7556}") = "IncreaseMinionAgeAsync", "Exercises\Connecting-Applications-To-Databases\IncreaseMinionAgeAsync\IncreaseMinionAgeAsync.csproj", "{CFFA6451-B188-4E69-8DAF-9B560A6E82F4}"
EndProject
Project("{9A19103F-16F7-4668-BE54-9A1E7A4F7556}") = "MiniORMSkeleton", "Exercises\Connecting-Applications-To-Databases\MiniORMSkeleton\MiniORMSkeleton.csproj", "{B9E0AB6D-CE29-48ED-BBF4-0881D4239795}"
EndProject
Project("{9A19103F-16F7-4668-BE54-9A1E7A4F7556}") = "ORMFramework", "Exercises\Connecting-Applications-To-Databases\ORMFramework\ORMFramework.csproj", "{2C38FD40-396A-4169-9A93-6B8727B855D6}"
EndProject
Project("{FAE04EC0-301F-11D3-BF4B-00C04F79EFBC}") = "MiniORM", "Exercises\Connecting-Applications-To-Databases\MiniORM\MiniORM.csproj", "{60A233B9-B653-41DA-9BDA-AA216570292F}"
EndProject
Project("{FAE04EC0-301F-11D3-BF4B-00C04F79EFBC}") = "MiniORM.App", "Exercises\Connecting-Applications-To-Databases\MiniORM.App\MiniORM.App.csproj", "{C7F7378D-323D-45A0-93CC-FCBD975A647E}"
EndProject
Global
	GlobalSection(SolutionConfigurationPlatforms) = preSolution
		Debug|Any CPU = Debug|Any CPU
		Release|Any CPU = Release|Any CPU
	EndGlobalSection
	GlobalSection(ProjectConfigurationPlatforms) = postSolution
		{1C5CCE2F-41D0-4788-95F7-8BB0A846C93D}.Debug|Any CPU.ActiveCfg = Debug|Any CPU
		{1C5CCE2F-41D0-4788-95F7-8BB0A846C93D}.Debug|Any CPU.Build.0 = Debug|Any CPU
		{1C5CCE2F-41D0-4788-95F7-8BB0A846C93D}.Release|Any CPU.ActiveCfg = Release|Any CPU
		{1C5CCE2F-41D0-4788-95F7-8BB0A846C93D}.Release|Any CPU.Build.0 = Release|Any CPU
		{9504B335-3E77-41E3-8471-5780B35DAC34}.Debug|Any CPU.ActiveCfg = Debug|Any CPU
		{9504B335-3E77-41E3-8471-5780B35DAC34}.Debug|Any CPU.Build.0 = Debug|Any CPU
		{9504B335-3E77-41E3-8471-5780B35DAC34}.Release|Any CPU.ActiveCfg = Release|Any CPU
		{9504B335-3E77-41E3-8471-5780B35DAC34}.Release|Any CPU.Build.0 = Release|Any CPU
		{D054404E-54D6-4EFE-89E5-EF3E4E13E448}.Debug|Any CPU.ActiveCfg = Debug|Any CPU
		{D054404E-54D6-4EFE-89E5-EF3E4E13E448}.Debug|Any CPU.Build.0 = Debug|Any CPU
		{D054404E-54D6-4EFE-89E5-EF3E4E13E448}.Release|Any CPU.ActiveCfg = Release|Any CPU
		{D054404E-54D6-4EFE-89E5-EF3E4E13E448}.Release|Any CPU.Build.0 = Release|Any CPU
		{83E8235C-9F4A-49BA-B0A2-D35BB7D4B630}.Debug|Any CPU.ActiveCfg = Debug|Any CPU
		{83E8235C-9F4A-49BA-B0A2-D35BB7D4B630}.Debug|Any CPU.Build.0 = Debug|Any CPU
		{83E8235C-9F4A-49BA-B0A2-D35BB7D4B630}.Release|Any CPU.ActiveCfg = Release|Any CPU
		{83E8235C-9F4A-49BA-B0A2-D35BB7D4B630}.Release|Any CPU.Build.0 = Release|Any CPU
		{2CBF4A98-06C2-4424-A5E4-0ADF9185FB63}.Debug|Any CPU.ActiveCfg = Debug|Any CPU
		{2CBF4A98-06C2-4424-A5E4-0ADF9185FB63}.Debug|Any CPU.Build.0 = Debug|Any CPU
		{2CBF4A98-06C2-4424-A5E4-0ADF9185FB63}.Release|Any CPU.ActiveCfg = Release|Any CPU
		{2CBF4A98-06C2-4424-A5E4-0ADF9185FB63}.Release|Any CPU.Build.0 = Release|Any CPU
		{63BE73DA-C12A-4E56-B87C-DA2F936C115F}.Debug|Any CPU.ActiveCfg = Debug|Any CPU
		{63BE73DA-C12A-4E56-B87C-DA2F936C115F}.Debug|Any CPU.Build.0 = Debug|Any CPU
		{63BE73DA-C12A-4E56-B87C-DA2F936C115F}.Release|Any CPU.ActiveCfg = Release|Any CPU
		{63BE73DA-C12A-4E56-B87C-DA2F936C115F}.Release|Any CPU.Build.0 = Release|Any CPU
		{1975609E-F90C-4AE9-9664-7CB97C8BBD66}.Debug|Any CPU.ActiveCfg = Debug|Any CPU
		{1975609E-F90C-4AE9-9664-7CB97C8BBD66}.Debug|Any CPU.Build.0 = Debug|Any CPU
		{1975609E-F90C-4AE9-9664-7CB97C8BBD66}.Release|Any CPU.ActiveCfg = Release|Any CPU
		{1975609E-F90C-4AE9-9664-7CB97C8BBD66}.Release|Any CPU.Build.0 = Release|Any CPU
		{4D68DF2B-3761-4F05-A5FD-7E9F81973B4F}.Debug|Any CPU.ActiveCfg = Debug|Any CPU
		{4D68DF2B-3761-4F05-A5FD-7E9F81973B4F}.Debug|Any CPU.Build.0 = Debug|Any CPU
		{4D68DF2B-3761-4F05-A5FD-7E9F81973B4F}.Release|Any CPU.ActiveCfg = Release|Any CPU
		{4D68DF2B-3761-4F05-A5FD-7E9F81973B4F}.Release|Any CPU.Build.0 = Release|Any CPU
		{28166A20-4116-4981-BB68-795D1B4826E2}.Debug|Any CPU.ActiveCfg = Debug|Any CPU
		{28166A20-4116-4981-BB68-795D1B4826E2}.Debug|Any CPU.Build.0 = Debug|Any CPU
		{28166A20-4116-4981-BB68-795D1B4826E2}.Release|Any CPU.ActiveCfg = Release|Any CPU
		{28166A20-4116-4981-BB68-795D1B4826E2}.Release|Any CPU.Build.0 = Release|Any CPU
		{392D025D-C493-4C7A-86C6-D244FA21EE29}.Debug|Any CPU.ActiveCfg = Debug|Any CPU
		{392D025D-C493-4C7A-86C6-D244FA21EE29}.Debug|Any CPU.Build.0 = Debug|Any CPU
		{392D025D-C493-4C7A-86C6-D244FA21EE29}.Release|Any CPU.ActiveCfg = Release|Any CPU
		{392D025D-C493-4C7A-86C6-D244FA21EE29}.Release|Any CPU.Build.0 = Release|Any CPU
		{59E095F8-6641-495F-954A-27359FAA6F34}.Debug|Any CPU.ActiveCfg = Debug|Any CPU
		{59E095F8-6641-495F-954A-27359FAA6F34}.Debug|Any CPU.Build.0 = Debug|Any CPU
		{59E095F8-6641-495F-954A-27359FAA6F34}.Release|Any CPU.ActiveCfg = Release|Any CPU
		{59E095F8-6641-495F-954A-27359FAA6F34}.Release|Any CPU.Build.0 = Release|Any CPU
		{CE7AD0D2-7F66-4CE9-806C-187C165E5DD8}.Debug|Any CPU.ActiveCfg = Debug|Any CPU
		{CE7AD0D2-7F66-4CE9-806C-187C165E5DD8}.Debug|Any CPU.Build.0 = Debug|Any CPU
		{CE7AD0D2-7F66-4CE9-806C-187C165E5DD8}.Release|Any CPU.ActiveCfg = Release|Any CPU
		{CE7AD0D2-7F66-4CE9-806C-187C165E5DD8}.Release|Any CPU.Build.0 = Release|Any CPU
		{AA57BE49-0B81-43AE-B649-FCF973FA7A74}.Debug|Any CPU.ActiveCfg = Debug|Any CPU
		{AA57BE49-0B81-43AE-B649-FCF973FA7A74}.Debug|Any CPU.Build.0 = Debug|Any CPU
		{AA57BE49-0B81-43AE-B649-FCF973FA7A74}.Release|Any CPU.ActiveCfg = Release|Any CPU
		{AA57BE49-0B81-43AE-B649-FCF973FA7A74}.Release|Any CPU.Build.0 = Release|Any CPU
		{BA8A46CF-72FE-4797-BDDE-DFBE8B8B6D3F}.Debug|Any CPU.ActiveCfg = Debug|Any CPU
		{BA8A46CF-72FE-4797-BDDE-DFBE8B8B6D3F}.Debug|Any CPU.Build.0 = Debug|Any CPU
		{BA8A46CF-72FE-4797-BDDE-DFBE8B8B6D3F}.Release|Any CPU.ActiveCfg = Release|Any CPU
		{BA8A46CF-72FE-4797-BDDE-DFBE8B8B6D3F}.Release|Any CPU.Build.0 = Release|Any CPU
		{625F46F5-5B5B-4D97-A51D-F56F94CC2E4B}.Debug|Any CPU.ActiveCfg = Debug|Any CPU
		{625F46F5-5B5B-4D97-A51D-F56F94CC2E4B}.Debug|Any CPU.Build.0 = Debug|Any CPU
		{625F46F5-5B5B-4D97-A51D-F56F94CC2E4B}.Release|Any CPU.ActiveCfg = Release|Any CPU
		{625F46F5-5B5B-4D97-A51D-F56F94CC2E4B}.Release|Any CPU.Build.0 = Release|Any CPU
		{854D86F5-918B-46DF-8479-13F6135B7FD3}.Debug|Any CPU.ActiveCfg = Debug|Any CPU
		{854D86F5-918B-46DF-8479-13F6135B7FD3}.Debug|Any CPU.Build.0 = Debug|Any CPU
		{854D86F5-918B-46DF-8479-13F6135B7FD3}.Release|Any CPU.ActiveCfg = Release|Any CPU
		{854D86F5-918B-46DF-8479-13F6135B7FD3}.Release|Any CPU.Build.0 = Release|Any CPU
		{BDBE96E0-2765-44A2-A034-6B639278D494}.Debug|Any CPU.ActiveCfg = Debug|Any CPU
		{BDBE96E0-2765-44A2-A034-6B639278D494}.Debug|Any CPU.Build.0 = Debug|Any CPU
		{BDBE96E0-2765-44A2-A034-6B639278D494}.Release|Any CPU.ActiveCfg = Release|Any CPU
		{BDBE96E0-2765-44A2-A034-6B639278D494}.Release|Any CPU.Build.0 = Release|Any CPU
		{96D7575D-F432-405F-AAB1-07EEC13331C0}.Debug|Any CPU.ActiveCfg = Debug|Any CPU
		{96D7575D-F432-405F-AAB1-07EEC13331C0}.Debug|Any CPU.Build.0 = Debug|Any CPU
		{96D7575D-F432-405F-AAB1-07EEC13331C0}.Release|Any CPU.ActiveCfg = Release|Any CPU
		{96D7575D-F432-405F-AAB1-07EEC13331C0}.Release|Any CPU.Build.0 = Release|Any CPU
		{EE3F1F14-6313-4737-AD23-C6ED40AF6FBB}.Debug|Any CPU.ActiveCfg = Debug|Any CPU
		{EE3F1F14-6313-4737-AD23-C6ED40AF6FBB}.Debug|Any CPU.Build.0 = Debug|Any CPU
		{EE3F1F14-6313-4737-AD23-C6ED40AF6FBB}.Release|Any CPU.ActiveCfg = Release|Any CPU
		{EE3F1F14-6313-4737-AD23-C6ED40AF6FBB}.Release|Any CPU.Build.0 = Release|Any CPU
		{397A7CC8-3226-4C87-B143-44CE8E5F9EAD}.Debug|Any CPU.ActiveCfg = Debug|Any CPU
		{397A7CC8-3226-4C87-B143-44CE8E5F9EAD}.Debug|Any CPU.Build.0 = Debug|Any CPU
		{397A7CC8-3226-4C87-B143-44CE8E5F9EAD}.Release|Any CPU.ActiveCfg = Release|Any CPU
		{397A7CC8-3226-4C87-B143-44CE8E5F9EAD}.Release|Any CPU.Build.0 = Release|Any CPU
		{0E85D4F3-F208-4FEC-A4D6-FB4DC6FEAA88}.Debug|Any CPU.ActiveCfg = Debug|Any CPU
		{0E85D4F3-F208-4FEC-A4D6-FB4DC6FEAA88}.Debug|Any CPU.Build.0 = Debug|Any CPU
		{0E85D4F3-F208-4FEC-A4D6-FB4DC6FEAA88}.Release|Any CPU.ActiveCfg = Release|Any CPU
		{0E85D4F3-F208-4FEC-A4D6-FB4DC6FEAA88}.Release|Any CPU.Build.0 = Release|Any CPU
		{1B76293C-B46A-41BE-BFE0-8A171D522466}.Debug|Any CPU.ActiveCfg = Debug|Any CPU
		{1B76293C-B46A-41BE-BFE0-8A171D522466}.Debug|Any CPU.Build.0 = Debug|Any CPU
		{1B76293C-B46A-41BE-BFE0-8A171D522466}.Release|Any CPU.ActiveCfg = Release|Any CPU
		{1B76293C-B46A-41BE-BFE0-8A171D522466}.Release|Any CPU.Build.0 = Release|Any CPU
		{2F7CF047-4758-4D1A-B8BC-20C90F3384CB}.Debug|Any CPU.ActiveCfg = Debug|Any CPU
		{2F7CF047-4758-4D1A-B8BC-20C90F3384CB}.Debug|Any CPU.Build.0 = Debug|Any CPU
		{2F7CF047-4758-4D1A-B8BC-20C90F3384CB}.Release|Any CPU.ActiveCfg = Release|Any CPU
		{2F7CF047-4758-4D1A-B8BC-20C90F3384CB}.Release|Any CPU.Build.0 = Release|Any CPU
		{E69ECBF8-70E7-4D78-B9E8-5AE160FE4B40}.Debug|Any CPU.ActiveCfg = Debug|Any CPU
		{E69ECBF8-70E7-4D78-B9E8-5AE160FE4B40}.Debug|Any CPU.Build.0 = Debug|Any CPU
		{E69ECBF8-70E7-4D78-B9E8-5AE160FE4B40}.Release|Any CPU.ActiveCfg = Release|Any CPU
		{E69ECBF8-70E7-4D78-B9E8-5AE160FE4B40}.Release|Any CPU.Build.0 = Release|Any CPU
		{494F7726-E7F9-40FC-ACD9-45DB7A63F53A}.Debug|Any CPU.ActiveCfg = Debug|Any CPU
		{494F7726-E7F9-40FC-ACD9-45DB7A63F53A}.Debug|Any CPU.Build.0 = Debug|Any CPU
		{494F7726-E7F9-40FC-ACD9-45DB7A63F53A}.Release|Any CPU.ActiveCfg = Release|Any CPU
		{494F7726-E7F9-40FC-ACD9-45DB7A63F53A}.Release|Any CPU.Build.0 = Release|Any CPU
		{385C84CF-087D-404E-AD5F-4E9779F8E43B}.Debug|Any CPU.ActiveCfg = Debug|Any CPU
		{385C84CF-087D-404E-AD5F-4E9779F8E43B}.Debug|Any CPU.Build.0 = Debug|Any CPU
		{385C84CF-087D-404E-AD5F-4E9779F8E43B}.Release|Any CPU.ActiveCfg = Release|Any CPU
		{385C84CF-087D-404E-AD5F-4E9779F8E43B}.Release|Any CPU.Build.0 = Release|Any CPU
		{668A744D-7144-4648-A86A-57B368F4D154}.Debug|Any CPU.ActiveCfg = Debug|Any CPU
		{668A744D-7144-4648-A86A-57B368F4D154}.Debug|Any CPU.Build.0 = Debug|Any CPU
		{668A744D-7144-4648-A86A-57B368F4D154}.Release|Any CPU.ActiveCfg = Release|Any CPU
		{668A744D-7144-4648-A86A-57B368F4D154}.Release|Any CPU.Build.0 = Release|Any CPU
		{77BA2CF2-949F-405B-BA22-F75EAE58AE2F}.Debug|Any CPU.ActiveCfg = Debug|Any CPU
		{77BA2CF2-949F-405B-BA22-F75EAE58AE2F}.Debug|Any CPU.Build.0 = Debug|Any CPU
		{77BA2CF2-949F-405B-BA22-F75EAE58AE2F}.Release|Any CPU.ActiveCfg = Release|Any CPU
		{77BA2CF2-949F-405B-BA22-F75EAE58AE2F}.Release|Any CPU.Build.0 = Release|Any CPU
		{724F3724-12CA-435D-BC57-68CA7B4228ED}.Debug|Any CPU.ActiveCfg = Debug|Any CPU
		{724F3724-12CA-435D-BC57-68CA7B4228ED}.Debug|Any CPU.Build.0 = Debug|Any CPU
		{724F3724-12CA-435D-BC57-68CA7B4228ED}.Release|Any CPU.ActiveCfg = Release|Any CPU
		{724F3724-12CA-435D-BC57-68CA7B4228ED}.Release|Any CPU.Build.0 = Release|Any CPU
		{8700E5EE-115C-4E41-A989-A18FC1AB32E1}.Debug|Any CPU.ActiveCfg = Debug|Any CPU
		{8700E5EE-115C-4E41-A989-A18FC1AB32E1}.Debug|Any CPU.Build.0 = Debug|Any CPU
		{8700E5EE-115C-4E41-A989-A18FC1AB32E1}.Release|Any CPU.ActiveCfg = Release|Any CPU
		{8700E5EE-115C-4E41-A989-A18FC1AB32E1}.Release|Any CPU.Build.0 = Release|Any CPU
		{362FCF7D-FEC1-4985-BD9D-142242CA5CB9}.Debug|Any CPU.ActiveCfg = Debug|Any CPU
		{362FCF7D-FEC1-4985-BD9D-142242CA5CB9}.Debug|Any CPU.Build.0 = Debug|Any CPU
		{362FCF7D-FEC1-4985-BD9D-142242CA5CB9}.Release|Any CPU.ActiveCfg = Release|Any CPU
		{362FCF7D-FEC1-4985-BD9D-142242CA5CB9}.Release|Any CPU.Build.0 = Release|Any CPU
		{57772589-8EBB-4674-9A5C-F7BA1B226E55}.Debug|Any CPU.ActiveCfg = Debug|Any CPU
		{57772589-8EBB-4674-9A5C-F7BA1B226E55}.Debug|Any CPU.Build.0 = Debug|Any CPU
		{57772589-8EBB-4674-9A5C-F7BA1B226E55}.Release|Any CPU.ActiveCfg = Release|Any CPU
		{57772589-8EBB-4674-9A5C-F7BA1B226E55}.Release|Any CPU.Build.0 = Release|Any CPU
		{CE28BC13-D1F0-40FA-BD37-0C9D3DCA37ED}.Debug|Any CPU.ActiveCfg = Debug|Any CPU
		{CE28BC13-D1F0-40FA-BD37-0C9D3DCA37ED}.Debug|Any CPU.Build.0 = Debug|Any CPU
		{CE28BC13-D1F0-40FA-BD37-0C9D3DCA37ED}.Release|Any CPU.ActiveCfg = Release|Any CPU
		{CE28BC13-D1F0-40FA-BD37-0C9D3DCA37ED}.Release|Any CPU.Build.0 = Release|Any CPU
		{A558EEA3-8F5E-41E5-A5BF-4C9D6B89E207}.Debug|Any CPU.ActiveCfg = Debug|Any CPU
		{A558EEA3-8F5E-41E5-A5BF-4C9D6B89E207}.Debug|Any CPU.Build.0 = Debug|Any CPU
		{A558EEA3-8F5E-41E5-A5BF-4C9D6B89E207}.Release|Any CPU.ActiveCfg = Release|Any CPU
		{A558EEA3-8F5E-41E5-A5BF-4C9D6B89E207}.Release|Any CPU.Build.0 = Release|Any CPU
		{2A4A5E99-63B3-4904-BDC3-0EA6560D251D}.Debug|Any CPU.ActiveCfg = Debug|Any CPU
		{2A4A5E99-63B3-4904-BDC3-0EA6560D251D}.Debug|Any CPU.Build.0 = Debug|Any CPU
		{2A4A5E99-63B3-4904-BDC3-0EA6560D251D}.Release|Any CPU.ActiveCfg = Release|Any CPU
		{2A4A5E99-63B3-4904-BDC3-0EA6560D251D}.Release|Any CPU.Build.0 = Release|Any CPU
		{15FA5CE6-DE87-4958-B9FE-78EDCAB02E5F}.Debug|Any CPU.ActiveCfg = Debug|Any CPU
		{15FA5CE6-DE87-4958-B9FE-78EDCAB02E5F}.Debug|Any CPU.Build.0 = Debug|Any CPU
		{15FA5CE6-DE87-4958-B9FE-78EDCAB02E5F}.Release|Any CPU.ActiveCfg = Release|Any CPU
		{15FA5CE6-DE87-4958-B9FE-78EDCAB02E5F}.Release|Any CPU.Build.0 = Release|Any CPU
		{B88FDF05-B558-4BE7-8B54-3A739829AF6F}.Debug|Any CPU.ActiveCfg = Debug|Any CPU
		{B88FDF05-B558-4BE7-8B54-3A739829AF6F}.Debug|Any CPU.Build.0 = Debug|Any CPU
		{B88FDF05-B558-4BE7-8B54-3A739829AF6F}.Release|Any CPU.ActiveCfg = Release|Any CPU
		{B88FDF05-B558-4BE7-8B54-3A739829AF6F}.Release|Any CPU.Build.0 = Release|Any CPU
		{0F063E1E-243A-4E3A-A89A-AD8BAB5D1917}.Debug|Any CPU.ActiveCfg = Debug|Any CPU
		{0F063E1E-243A-4E3A-A89A-AD8BAB5D1917}.Debug|Any CPU.Build.0 = Debug|Any CPU
		{0F063E1E-243A-4E3A-A89A-AD8BAB5D1917}.Release|Any CPU.ActiveCfg = Release|Any CPU
		{0F063E1E-243A-4E3A-A89A-AD8BAB5D1917}.Release|Any CPU.Build.0 = Release|Any CPU
		{0EBE6C3F-42C6-4575-96C2-5F736E344A28}.Debug|Any CPU.ActiveCfg = Debug|Any CPU
		{0EBE6C3F-42C6-4575-96C2-5F736E344A28}.Debug|Any CPU.Build.0 = Debug|Any CPU
		{0EBE6C3F-42C6-4575-96C2-5F736E344A28}.Release|Any CPU.ActiveCfg = Release|Any CPU
		{0EBE6C3F-42C6-4575-96C2-5F736E344A28}.Release|Any CPU.Build.0 = Release|Any CPU
		{4BDE0771-E02B-4019-ABA3-93571307DC61}.Debug|Any CPU.ActiveCfg = Debug|Any CPU
		{4BDE0771-E02B-4019-ABA3-93571307DC61}.Debug|Any CPU.Build.0 = Debug|Any CPU
		{4BDE0771-E02B-4019-ABA3-93571307DC61}.Release|Any CPU.ActiveCfg = Release|Any CPU
		{4BDE0771-E02B-4019-ABA3-93571307DC61}.Release|Any CPU.Build.0 = Release|Any CPU
		{0474D3FA-71B1-4E05-8539-7298D8705D34}.Debug|Any CPU.ActiveCfg = Debug|Any CPU
		{0474D3FA-71B1-4E05-8539-7298D8705D34}.Debug|Any CPU.Build.0 = Debug|Any CPU
		{0474D3FA-71B1-4E05-8539-7298D8705D34}.Release|Any CPU.ActiveCfg = Release|Any CPU
		{0474D3FA-71B1-4E05-8539-7298D8705D34}.Release|Any CPU.Build.0 = Release|Any CPU
		{173D9214-27AD-4FA3-A912-1BBA30916B6C}.Debug|Any CPU.ActiveCfg = Debug|Any CPU
		{173D9214-27AD-4FA3-A912-1BBA30916B6C}.Debug|Any CPU.Build.0 = Debug|Any CPU
		{173D9214-27AD-4FA3-A912-1BBA30916B6C}.Release|Any CPU.ActiveCfg = Release|Any CPU
		{173D9214-27AD-4FA3-A912-1BBA30916B6C}.Release|Any CPU.Build.0 = Release|Any CPU
		{673FEDBD-4268-495F-8E4D-0182C3BE89BF}.Debug|Any CPU.ActiveCfg = Debug|Any CPU
		{673FEDBD-4268-495F-8E4D-0182C3BE89BF}.Debug|Any CPU.Build.0 = Debug|Any CPU
		{673FEDBD-4268-495F-8E4D-0182C3BE89BF}.Release|Any CPU.ActiveCfg = Release|Any CPU
		{673FEDBD-4268-495F-8E4D-0182C3BE89BF}.Release|Any CPU.Build.0 = Release|Any CPU
		{2E6ED5C9-1EB7-444D-9D25-0C296B471EF3}.Debug|Any CPU.ActiveCfg = Debug|Any CPU
		{2E6ED5C9-1EB7-444D-9D25-0C296B471EF3}.Debug|Any CPU.Build.0 = Debug|Any CPU
		{2E6ED5C9-1EB7-444D-9D25-0C296B471EF3}.Release|Any CPU.ActiveCfg = Release|Any CPU
		{2E6ED5C9-1EB7-444D-9D25-0C296B471EF3}.Release|Any CPU.Build.0 = Release|Any CPU
		{872B6C48-8AE2-4857-BC8D-DF44855BBDE8}.Debug|Any CPU.ActiveCfg = Debug|Any CPU
		{872B6C48-8AE2-4857-BC8D-DF44855BBDE8}.Debug|Any CPU.Build.0 = Debug|Any CPU
		{872B6C48-8AE2-4857-BC8D-DF44855BBDE8}.Release|Any CPU.ActiveCfg = Release|Any CPU
		{872B6C48-8AE2-4857-BC8D-DF44855BBDE8}.Release|Any CPU.Build.0 = Release|Any CPU
		{FDF0A57F-1325-4D10-9E02-71FD625CA9CA}.Debug|Any CPU.ActiveCfg = Debug|Any CPU
		{FDF0A57F-1325-4D10-9E02-71FD625CA9CA}.Debug|Any CPU.Build.0 = Debug|Any CPU
		{FDF0A57F-1325-4D10-9E02-71FD625CA9CA}.Release|Any CPU.ActiveCfg = Release|Any CPU
		{FDF0A57F-1325-4D10-9E02-71FD625CA9CA}.Release|Any CPU.Build.0 = Release|Any CPU
		{741E90C8-17DF-4831-88A3-22E291E8F032}.Debug|Any CPU.ActiveCfg = Debug|Any CPU
		{741E90C8-17DF-4831-88A3-22E291E8F032}.Debug|Any CPU.Build.0 = Debug|Any CPU
		{741E90C8-17DF-4831-88A3-22E291E8F032}.Release|Any CPU.ActiveCfg = Release|Any CPU
		{741E90C8-17DF-4831-88A3-22E291E8F032}.Release|Any CPU.Build.0 = Release|Any CPU
		{37DA8E04-896F-4D75-844D-DAF9C6636976}.Debug|Any CPU.ActiveCfg = Debug|Any CPU
		{37DA8E04-896F-4D75-844D-DAF9C6636976}.Debug|Any CPU.Build.0 = Debug|Any CPU
		{37DA8E04-896F-4D75-844D-DAF9C6636976}.Release|Any CPU.ActiveCfg = Release|Any CPU
		{37DA8E04-896F-4D75-844D-DAF9C6636976}.Release|Any CPU.Build.0 = Release|Any CPU
		{B030FAB7-9E5B-42D3-ABBA-0E1DE63995BE}.Debug|Any CPU.ActiveCfg = Debug|Any CPU
		{B030FAB7-9E5B-42D3-ABBA-0E1DE63995BE}.Debug|Any CPU.Build.0 = Debug|Any CPU
		{B030FAB7-9E5B-42D3-ABBA-0E1DE63995BE}.Release|Any CPU.ActiveCfg = Release|Any CPU
		{B030FAB7-9E5B-42D3-ABBA-0E1DE63995BE}.Release|Any CPU.Build.0 = Release|Any CPU
		{273E3D75-FC8E-4A7C-A3FC-31E097E40C5D}.Debug|Any CPU.ActiveCfg = Debug|Any CPU
		{273E3D75-FC8E-4A7C-A3FC-31E097E40C5D}.Debug|Any CPU.Build.0 = Debug|Any CPU
		{273E3D75-FC8E-4A7C-A3FC-31E097E40C5D}.Release|Any CPU.ActiveCfg = Release|Any CPU
		{273E3D75-FC8E-4A7C-A3FC-31E097E40C5D}.Release|Any CPU.Build.0 = Release|Any CPU
		{DB7F9B5B-EDAD-4AE3-9A37-9FDFA6B1233B}.Debug|Any CPU.ActiveCfg = Debug|Any CPU
		{DB7F9B5B-EDAD-4AE3-9A37-9FDFA6B1233B}.Debug|Any CPU.Build.0 = Debug|Any CPU
		{DB7F9B5B-EDAD-4AE3-9A37-9FDFA6B1233B}.Release|Any CPU.ActiveCfg = Release|Any CPU
		{DB7F9B5B-EDAD-4AE3-9A37-9FDFA6B1233B}.Release|Any CPU.Build.0 = Release|Any CPU
		{A73483EB-EF8C-4799-BB7E-473C36EA52F1}.Debug|Any CPU.ActiveCfg = Debug|Any CPU
		{A73483EB-EF8C-4799-BB7E-473C36EA52F1}.Debug|Any CPU.Build.0 = Debug|Any CPU
		{A73483EB-EF8C-4799-BB7E-473C36EA52F1}.Release|Any CPU.ActiveCfg = Release|Any CPU
		{A73483EB-EF8C-4799-BB7E-473C36EA52F1}.Release|Any CPU.Build.0 = Release|Any CPU
		{BE7EF085-F6FF-49E0-8D6D-8FF7151D8197}.Debug|Any CPU.ActiveCfg = Debug|Any CPU
		{BE7EF085-F6FF-49E0-8D6D-8FF7151D8197}.Debug|Any CPU.Build.0 = Debug|Any CPU
		{BE7EF085-F6FF-49E0-8D6D-8FF7151D8197}.Release|Any CPU.ActiveCfg = Release|Any CPU
		{BE7EF085-F6FF-49E0-8D6D-8FF7151D8197}.Release|Any CPU.Build.0 = Release|Any CPU
		{CA1D2F42-7D74-4CF5-B8E8-EC385A32EB77}.Debug|Any CPU.ActiveCfg = Debug|Any CPU
		{CA1D2F42-7D74-4CF5-B8E8-EC385A32EB77}.Debug|Any CPU.Build.0 = Debug|Any CPU
		{CA1D2F42-7D74-4CF5-B8E8-EC385A32EB77}.Release|Any CPU.ActiveCfg = Release|Any CPU
		{CA1D2F42-7D74-4CF5-B8E8-EC385A32EB77}.Release|Any CPU.Build.0 = Release|Any CPU
		{B703C3F7-35F4-4524-81F6-04F69677E4C9}.Debug|Any CPU.ActiveCfg = Debug|Any CPU
		{B703C3F7-35F4-4524-81F6-04F69677E4C9}.Debug|Any CPU.Build.0 = Debug|Any CPU
		{B703C3F7-35F4-4524-81F6-04F69677E4C9}.Release|Any CPU.ActiveCfg = Release|Any CPU
		{B703C3F7-35F4-4524-81F6-04F69677E4C9}.Release|Any CPU.Build.0 = Release|Any CPU
		{BCB3AE63-9EBD-4051-821B-C90472CB7309}.Debug|Any CPU.ActiveCfg = Debug|Any CPU
		{BCB3AE63-9EBD-4051-821B-C90472CB7309}.Debug|Any CPU.Build.0 = Debug|Any CPU
		{BCB3AE63-9EBD-4051-821B-C90472CB7309}.Release|Any CPU.ActiveCfg = Release|Any CPU
		{BCB3AE63-9EBD-4051-821B-C90472CB7309}.Release|Any CPU.Build.0 = Release|Any CPU
		{2F2FF8B3-E0C9-4D17-95C7-9B859972E8A1}.Debug|Any CPU.ActiveCfg = Debug|Any CPU
		{2F2FF8B3-E0C9-4D17-95C7-9B859972E8A1}.Debug|Any CPU.Build.0 = Debug|Any CPU
		{2F2FF8B3-E0C9-4D17-95C7-9B859972E8A1}.Release|Any CPU.ActiveCfg = Release|Any CPU
		{2F2FF8B3-E0C9-4D17-95C7-9B859972E8A1}.Release|Any CPU.Build.0 = Release|Any CPU
		{21C033FD-B31A-4835-BCD3-591AF9B3486F}.Debug|Any CPU.ActiveCfg = Debug|Any CPU
		{21C033FD-B31A-4835-BCD3-591AF9B3486F}.Debug|Any CPU.Build.0 = Debug|Any CPU
		{21C033FD-B31A-4835-BCD3-591AF9B3486F}.Release|Any CPU.ActiveCfg = Release|Any CPU
		{21C033FD-B31A-4835-BCD3-591AF9B3486F}.Release|Any CPU.Build.0 = Release|Any CPU
		{2C79F3E8-64B2-4B09-9F81-D0869FF89C52}.Debug|Any CPU.ActiveCfg = Debug|Any CPU
		{2C79F3E8-64B2-4B09-9F81-D0869FF89C52}.Debug|Any CPU.Build.0 = Debug|Any CPU
		{2C79F3E8-64B2-4B09-9F81-D0869FF89C52}.Release|Any CPU.ActiveCfg = Release|Any CPU
		{2C79F3E8-64B2-4B09-9F81-D0869FF89C52}.Release|Any CPU.Build.0 = Release|Any CPU
		{F03D19C7-EA74-4523-9651-EECA881BB017}.Debug|Any CPU.ActiveCfg = Debug|Any CPU
		{F03D19C7-EA74-4523-9651-EECA881BB017}.Debug|Any CPU.Build.0 = Debug|Any CPU
		{F03D19C7-EA74-4523-9651-EECA881BB017}.Release|Any CPU.ActiveCfg = Release|Any CPU
		{F03D19C7-EA74-4523-9651-EECA881BB017}.Release|Any CPU.Build.0 = Release|Any CPU
		{4A371E0D-778A-4DC6-B875-0C5749D521CA}.Debug|Any CPU.ActiveCfg = Debug|Any CPU
		{4A371E0D-778A-4DC6-B875-0C5749D521CA}.Debug|Any CPU.Build.0 = Debug|Any CPU
		{4A371E0D-778A-4DC6-B875-0C5749D521CA}.Release|Any CPU.ActiveCfg = Release|Any CPU
		{4A371E0D-778A-4DC6-B875-0C5749D521CA}.Release|Any CPU.Build.0 = Release|Any CPU
		{51E23D92-81F1-4EFE-A375-EAFD5161982B}.Debug|Any CPU.ActiveCfg = Debug|Any CPU
		{51E23D92-81F1-4EFE-A375-EAFD5161982B}.Debug|Any CPU.Build.0 = Debug|Any CPU
		{51E23D92-81F1-4EFE-A375-EAFD5161982B}.Release|Any CPU.ActiveCfg = Release|Any CPU
		{51E23D92-81F1-4EFE-A375-EAFD5161982B}.Release|Any CPU.Build.0 = Release|Any CPU
		{0C862C8A-16CF-413B-A846-6334847B4C16}.Debug|Any CPU.ActiveCfg = Debug|Any CPU
		{0C862C8A-16CF-413B-A846-6334847B4C16}.Debug|Any CPU.Build.0 = Debug|Any CPU
		{0C862C8A-16CF-413B-A846-6334847B4C16}.Release|Any CPU.ActiveCfg = Release|Any CPU
		{0C862C8A-16CF-413B-A846-6334847B4C16}.Release|Any CPU.Build.0 = Release|Any CPU
		{27884B09-1F83-4A5F-81B7-89098A84C9A8}.Debug|Any CPU.ActiveCfg = Debug|Any CPU
		{27884B09-1F83-4A5F-81B7-89098A84C9A8}.Debug|Any CPU.Build.0 = Debug|Any CPU
		{27884B09-1F83-4A5F-81B7-89098A84C9A8}.Release|Any CPU.ActiveCfg = Release|Any CPU
		{27884B09-1F83-4A5F-81B7-89098A84C9A8}.Release|Any CPU.Build.0 = Release|Any CPU
		{93242B5A-B3F9-4167-8187-91B92930F6FF}.Debug|Any CPU.ActiveCfg = Debug|Any CPU
		{93242B5A-B3F9-4167-8187-91B92930F6FF}.Debug|Any CPU.Build.0 = Debug|Any CPU
		{93242B5A-B3F9-4167-8187-91B92930F6FF}.Release|Any CPU.ActiveCfg = Release|Any CPU
		{93242B5A-B3F9-4167-8187-91B92930F6FF}.Release|Any CPU.Build.0 = Release|Any CPU
		{1B6FBC2F-096F-4DE3-A788-2D054E0A3278}.Debug|Any CPU.ActiveCfg = Debug|Any CPU
		{1B6FBC2F-096F-4DE3-A788-2D054E0A3278}.Debug|Any CPU.Build.0 = Debug|Any CPU
		{1B6FBC2F-096F-4DE3-A788-2D054E0A3278}.Release|Any CPU.ActiveCfg = Release|Any CPU
		{1B6FBC2F-096F-4DE3-A788-2D054E0A3278}.Release|Any CPU.Build.0 = Release|Any CPU
		{9FF8E298-2E25-4ABC-B107-5FD9592024FC}.Debug|Any CPU.ActiveCfg = Debug|Any CPU
		{9FF8E298-2E25-4ABC-B107-5FD9592024FC}.Debug|Any CPU.Build.0 = Debug|Any CPU
		{9FF8E298-2E25-4ABC-B107-5FD9592024FC}.Release|Any CPU.ActiveCfg = Release|Any CPU
		{9FF8E298-2E25-4ABC-B107-5FD9592024FC}.Release|Any CPU.Build.0 = Release|Any CPU
		{65FB2AAE-FA58-4841-9A05-996A916C2F59}.Debug|Any CPU.ActiveCfg = Debug|Any CPU
		{65FB2AAE-FA58-4841-9A05-996A916C2F59}.Debug|Any CPU.Build.0 = Debug|Any CPU
		{65FB2AAE-FA58-4841-9A05-996A916C2F59}.Release|Any CPU.ActiveCfg = Release|Any CPU
		{65FB2AAE-FA58-4841-9A05-996A916C2F59}.Release|Any CPU.Build.0 = Release|Any CPU
		{2364CECE-B584-4D24-8A5C-9C1905C7ED01}.Debug|Any CPU.ActiveCfg = Debug|Any CPU
		{2364CECE-B584-4D24-8A5C-9C1905C7ED01}.Debug|Any CPU.Build.0 = Debug|Any CPU
		{2364CECE-B584-4D24-8A5C-9C1905C7ED01}.Release|Any CPU.ActiveCfg = Release|Any CPU
		{2364CECE-B584-4D24-8A5C-9C1905C7ED01}.Release|Any CPU.Build.0 = Release|Any CPU
		{A18FE850-D5E4-49CA-851B-CDF445F5824F}.Debug|Any CPU.ActiveCfg = Debug|Any CPU
		{A18FE850-D5E4-49CA-851B-CDF445F5824F}.Debug|Any CPU.Build.0 = Debug|Any CPU
		{A18FE850-D5E4-49CA-851B-CDF445F5824F}.Release|Any CPU.ActiveCfg = Release|Any CPU
		{A18FE850-D5E4-49CA-851B-CDF445F5824F}.Release|Any CPU.Build.0 = Release|Any CPU
		{048C02D9-3A7B-488A-8AA9-9EA41264A97A}.Debug|Any CPU.ActiveCfg = Debug|Any CPU
		{048C02D9-3A7B-488A-8AA9-9EA41264A97A}.Debug|Any CPU.Build.0 = Debug|Any CPU
		{048C02D9-3A7B-488A-8AA9-9EA41264A97A}.Release|Any CPU.ActiveCfg = Release|Any CPU
		{048C02D9-3A7B-488A-8AA9-9EA41264A97A}.Release|Any CPU.Build.0 = Release|Any CPU
		{2B0E1B6E-E0C5-428E-B9A7-E196A5805BDA}.Debug|Any CPU.ActiveCfg = Debug|Any CPU
		{2B0E1B6E-E0C5-428E-B9A7-E196A5805BDA}.Debug|Any CPU.Build.0 = Debug|Any CPU
		{2B0E1B6E-E0C5-428E-B9A7-E196A5805BDA}.Release|Any CPU.ActiveCfg = Release|Any CPU
		{2B0E1B6E-E0C5-428E-B9A7-E196A5805BDA}.Release|Any CPU.Build.0 = Release|Any CPU
		{B06436E0-02C7-4253-9232-C62529996B28}.Debug|Any CPU.ActiveCfg = Debug|Any CPU
		{B06436E0-02C7-4253-9232-C62529996B28}.Debug|Any CPU.Build.0 = Debug|Any CPU
		{B06436E0-02C7-4253-9232-C62529996B28}.Release|Any CPU.ActiveCfg = Release|Any CPU
		{B06436E0-02C7-4253-9232-C62529996B28}.Release|Any CPU.Build.0 = Release|Any CPU
		{153FE116-E22D-48D8-BC53-E78B50DD8B9E}.Debug|Any CPU.ActiveCfg = Debug|Any CPU
		{153FE116-E22D-48D8-BC53-E78B50DD8B9E}.Debug|Any CPU.Build.0 = Debug|Any CPU
		{153FE116-E22D-48D8-BC53-E78B50DD8B9E}.Release|Any CPU.ActiveCfg = Release|Any CPU
		{153FE116-E22D-48D8-BC53-E78B50DD8B9E}.Release|Any CPU.Build.0 = Release|Any CPU
		{57C8EB9B-566D-466A-B2F1-7B4EBACBEC9D}.Debug|Any CPU.ActiveCfg = Debug|Any CPU
		{57C8EB9B-566D-466A-B2F1-7B4EBACBEC9D}.Debug|Any CPU.Build.0 = Debug|Any CPU
		{57C8EB9B-566D-466A-B2F1-7B4EBACBEC9D}.Release|Any CPU.ActiveCfg = Release|Any CPU
		{57C8EB9B-566D-466A-B2F1-7B4EBACBEC9D}.Release|Any CPU.Build.0 = Release|Any CPU
		{949CC2D2-764C-4826-90BB-2FEC9EBD7BEE}.Debug|Any CPU.ActiveCfg = Debug|Any CPU
		{949CC2D2-764C-4826-90BB-2FEC9EBD7BEE}.Debug|Any CPU.Build.0 = Debug|Any CPU
		{949CC2D2-764C-4826-90BB-2FEC9EBD7BEE}.Release|Any CPU.ActiveCfg = Release|Any CPU
		{949CC2D2-764C-4826-90BB-2FEC9EBD7BEE}.Release|Any CPU.Build.0 = Release|Any CPU
		{8C088607-5986-4491-926B-C3E66E1BA369}.Debug|Any CPU.ActiveCfg = Debug|Any CPU
		{8C088607-5986-4491-926B-C3E66E1BA369}.Debug|Any CPU.Build.0 = Debug|Any CPU
		{8C088607-5986-4491-926B-C3E66E1BA369}.Release|Any CPU.ActiveCfg = Release|Any CPU
		{8C088607-5986-4491-926B-C3E66E1BA369}.Release|Any CPU.Build.0 = Release|Any CPU
		{05886A2E-0EA3-4CC2-980C-75C63C3C0B80}.Debug|Any CPU.ActiveCfg = Debug|Any CPU
		{05886A2E-0EA3-4CC2-980C-75C63C3C0B80}.Debug|Any CPU.Build.0 = Debug|Any CPU
		{05886A2E-0EA3-4CC2-980C-75C63C3C0B80}.Release|Any CPU.ActiveCfg = Release|Any CPU
		{05886A2E-0EA3-4CC2-980C-75C63C3C0B80}.Release|Any CPU.Build.0 = Release|Any CPU
		{423B835A-291D-466B-A3E2-01DDA4014D67}.Debug|Any CPU.ActiveCfg = Debug|Any CPU
		{423B835A-291D-466B-A3E2-01DDA4014D67}.Debug|Any CPU.Build.0 = Debug|Any CPU
		{423B835A-291D-466B-A3E2-01DDA4014D67}.Release|Any CPU.ActiveCfg = Release|Any CPU
		{423B835A-291D-466B-A3E2-01DDA4014D67}.Release|Any CPU.Build.0 = Release|Any CPU
		{E53D5612-B554-40D2-80E6-9B4115EC8D0F}.Debug|Any CPU.ActiveCfg = Debug|Any CPU
		{E53D5612-B554-40D2-80E6-9B4115EC8D0F}.Debug|Any CPU.Build.0 = Debug|Any CPU
		{E53D5612-B554-40D2-80E6-9B4115EC8D0F}.Release|Any CPU.ActiveCfg = Release|Any CPU
		{E53D5612-B554-40D2-80E6-9B4115EC8D0F}.Release|Any CPU.Build.0 = Release|Any CPU
		{D3AF1782-E0EE-44D5-AFA7-3A0C9DF7C042}.Debug|Any CPU.ActiveCfg = Debug|Any CPU
		{D3AF1782-E0EE-44D5-AFA7-3A0C9DF7C042}.Debug|Any CPU.Build.0 = Debug|Any CPU
		{D3AF1782-E0EE-44D5-AFA7-3A0C9DF7C042}.Release|Any CPU.ActiveCfg = Release|Any CPU
		{D3AF1782-E0EE-44D5-AFA7-3A0C9DF7C042}.Release|Any CPU.Build.0 = Release|Any CPU
		{B9FA3893-51DE-4D12-BA00-A9D40AB8E48F}.Debug|Any CPU.ActiveCfg = Debug|Any CPU
		{B9FA3893-51DE-4D12-BA00-A9D40AB8E48F}.Debug|Any CPU.Build.0 = Debug|Any CPU
		{B9FA3893-51DE-4D12-BA00-A9D40AB8E48F}.Release|Any CPU.ActiveCfg = Release|Any CPU
		{B9FA3893-51DE-4D12-BA00-A9D40AB8E48F}.Release|Any CPU.Build.0 = Release|Any CPU
		{B769D712-4E7E-4744-96A3-1ED33E9A65A5}.Debug|Any CPU.ActiveCfg = Debug|Any CPU
		{B769D712-4E7E-4744-96A3-1ED33E9A65A5}.Debug|Any CPU.Build.0 = Debug|Any CPU
		{B769D712-4E7E-4744-96A3-1ED33E9A65A5}.Release|Any CPU.ActiveCfg = Release|Any CPU
		{B769D712-4E7E-4744-96A3-1ED33E9A65A5}.Release|Any CPU.Build.0 = Release|Any CPU
		{698E217F-85CD-4798-85CA-54F2C81621AA}.Debug|Any CPU.ActiveCfg = Debug|Any CPU
		{698E217F-85CD-4798-85CA-54F2C81621AA}.Debug|Any CPU.Build.0 = Debug|Any CPU
		{698E217F-85CD-4798-85CA-54F2C81621AA}.Release|Any CPU.ActiveCfg = Release|Any CPU
		{698E217F-85CD-4798-85CA-54F2C81621AA}.Release|Any CPU.Build.0 = Release|Any CPU
		{CBE8FEFF-54B9-4429-91BF-3A1E78BB39F2}.Debug|Any CPU.ActiveCfg = Debug|Any CPU
		{CBE8FEFF-54B9-4429-91BF-3A1E78BB39F2}.Debug|Any CPU.Build.0 = Debug|Any CPU
		{CBE8FEFF-54B9-4429-91BF-3A1E78BB39F2}.Release|Any CPU.ActiveCfg = Release|Any CPU
		{CBE8FEFF-54B9-4429-91BF-3A1E78BB39F2}.Release|Any CPU.Build.0 = Release|Any CPU
		{CFFA6451-B188-4E69-8DAF-9B560A6E82F4}.Debug|Any CPU.ActiveCfg = Debug|Any CPU
		{CFFA6451-B188-4E69-8DAF-9B560A6E82F4}.Debug|Any CPU.Build.0 = Debug|Any CPU
		{CFFA6451-B188-4E69-8DAF-9B560A6E82F4}.Release|Any CPU.ActiveCfg = Release|Any CPU
		{CFFA6451-B188-4E69-8DAF-9B560A6E82F4}.Release|Any CPU.Build.0 = Release|Any CPU
		{B9E0AB6D-CE29-48ED-BBF4-0881D4239795}.Debug|Any CPU.ActiveCfg = Debug|Any CPU
		{B9E0AB6D-CE29-48ED-BBF4-0881D4239795}.Debug|Any CPU.Build.0 = Debug|Any CPU
		{B9E0AB6D-CE29-48ED-BBF4-0881D4239795}.Release|Any CPU.ActiveCfg = Release|Any CPU
		{B9E0AB6D-CE29-48ED-BBF4-0881D4239795}.Release|Any CPU.Build.0 = Release|Any CPU
		{2C38FD40-396A-4169-9A93-6B8727B855D6}.Debug|Any CPU.ActiveCfg = Debug|Any CPU
		{2C38FD40-396A-4169-9A93-6B8727B855D6}.Debug|Any CPU.Build.0 = Debug|Any CPU
		{2C38FD40-396A-4169-9A93-6B8727B855D6}.Release|Any CPU.ActiveCfg = Release|Any CPU
		{2C38FD40-396A-4169-9A93-6B8727B855D6}.Release|Any CPU.Build.0 = Release|Any CPU
		{60A233B9-B653-41DA-9BDA-AA216570292F}.Debug|Any CPU.ActiveCfg = Debug|Any CPU
		{60A233B9-B653-41DA-9BDA-AA216570292F}.Debug|Any CPU.Build.0 = Debug|Any CPU
		{60A233B9-B653-41DA-9BDA-AA216570292F}.Release|Any CPU.ActiveCfg = Release|Any CPU
		{60A233B9-B653-41DA-9BDA-AA216570292F}.Release|Any CPU.Build.0 = Release|Any CPU
		{C7F7378D-323D-45A0-93CC-FCBD975A647E}.Debug|Any CPU.ActiveCfg = Debug|Any CPU
		{C7F7378D-323D-45A0-93CC-FCBD975A647E}.Debug|Any CPU.Build.0 = Debug|Any CPU
		{C7F7378D-323D-45A0-93CC-FCBD975A647E}.Release|Any CPU.ActiveCfg = Release|Any CPU
		{C7F7378D-323D-45A0-93CC-FCBD975A647E}.Release|Any CPU.Build.0 = Release|Any CPU
	EndGlobalSection
	GlobalSection(SolutionProperties) = preSolution
		HideSolutionNode = FALSE
	EndGlobalSection
	GlobalSection(NestedProjects) = preSolution
		{1C5CCE2F-41D0-4788-95F7-8BB0A846C93D} = {CF9EBA78-7176-431B-88C2-DA5D41514A0B}
		{9504B335-3E77-41E3-8471-5780B35DAC34} = {CF9EBA78-7176-431B-88C2-DA5D41514A0B}
		{D054404E-54D6-4EFE-89E5-EF3E4E13E448} = {CF9EBA78-7176-431B-88C2-DA5D41514A0B}
		{83E8235C-9F4A-49BA-B0A2-D35BB7D4B630} = {CF9EBA78-7176-431B-88C2-DA5D41514A0B}
		{2CBF4A98-06C2-4424-A5E4-0ADF9185FB63} = {CF9EBA78-7176-431B-88C2-DA5D41514A0B}
		{63BE73DA-C12A-4E56-B87C-DA2F936C115F} = {CF9EBA78-7176-431B-88C2-DA5D41514A0B}
		{DF3FCFF6-477E-4CBC-8D3B-DADB41FABD2C} = {0915793B-4B90-4286-A314-1985A1706561}
		{5DA11A72-5C02-4C8A-938C-F45CE79156B8} = {0915793B-4B90-4286-A314-1985A1706561}
		{1975609E-F90C-4AE9-9664-7CB97C8BBD66} = {DF3FCFF6-477E-4CBC-8D3B-DADB41FABD2C}
		{4D68DF2B-3761-4F05-A5FD-7E9F81973B4F} = {DF3FCFF6-477E-4CBC-8D3B-DADB41FABD2C}
		{28166A20-4116-4981-BB68-795D1B4826E2} = {5DA11A72-5C02-4C8A-938C-F45CE79156B8}
		{392D025D-C493-4C7A-86C6-D244FA21EE29} = {5DA11A72-5C02-4C8A-938C-F45CE79156B8}
		{59E095F8-6641-495F-954A-27359FAA6F34} = {6EE15BA4-D5C0-4B49-9692-78E8CFA6F4D1}
		{CE7AD0D2-7F66-4CE9-806C-187C165E5DD8} = {6EE15BA4-D5C0-4B49-9692-78E8CFA6F4D1}
		{AA57BE49-0B81-43AE-B649-FCF973FA7A74} = {6EE15BA4-D5C0-4B49-9692-78E8CFA6F4D1}
		{BA8A46CF-72FE-4797-BDDE-DFBE8B8B6D3F} = {6EE15BA4-D5C0-4B49-9692-78E8CFA6F4D1}
		{625F46F5-5B5B-4D97-A51D-F56F94CC2E4B} = {6EE15BA4-D5C0-4B49-9692-78E8CFA6F4D1}
		{854D86F5-918B-46DF-8479-13F6135B7FD3} = {6EE15BA4-D5C0-4B49-9692-78E8CFA6F4D1}
		{BDBE96E0-2765-44A2-A034-6B639278D494} = {6EE15BA4-D5C0-4B49-9692-78E8CFA6F4D1}
		{96D7575D-F432-405F-AAB1-07EEC13331C0} = {6EE15BA4-D5C0-4B49-9692-78E8CFA6F4D1}
		{EE3F1F14-6313-4737-AD23-C6ED40AF6FBB} = {6EE15BA4-D5C0-4B49-9692-78E8CFA6F4D1}
		{397A7CC8-3226-4C87-B143-44CE8E5F9EAD} = {6EE15BA4-D5C0-4B49-9692-78E8CFA6F4D1}
		{0E85D4F3-F208-4FEC-A4D6-FB4DC6FEAA88} = {40CC68CA-C1E0-4CCE-8330-1A77CDA87F35}
		{1B76293C-B46A-41BE-BFE0-8A171D522466} = {40CC68CA-C1E0-4CCE-8330-1A77CDA87F35}
		{2F7CF047-4758-4D1A-B8BC-20C90F3384CB} = {CF9EBA78-7176-431B-88C2-DA5D41514A0B}
		{E69ECBF8-70E7-4D78-B9E8-5AE160FE4B40} = {CF9EBA78-7176-431B-88C2-DA5D41514A0B}
		{494F7726-E7F9-40FC-ACD9-45DB7A63F53A} = {CF9EBA78-7176-431B-88C2-DA5D41514A0B}
		{385C84CF-087D-404E-AD5F-4E9779F8E43B} = {40CC68CA-C1E0-4CCE-8330-1A77CDA87F35}
		{668A744D-7144-4648-A86A-57B368F4D154} = {40CC68CA-C1E0-4CCE-8330-1A77CDA87F35}
		{77BA2CF2-949F-405B-BA22-F75EAE58AE2F} = {40CC68CA-C1E0-4CCE-8330-1A77CDA87F35}
		{724F3724-12CA-435D-BC57-68CA7B4228ED} = {40CC68CA-C1E0-4CCE-8330-1A77CDA87F35}
		{8700E5EE-115C-4E41-A989-A18FC1AB32E1} = {CF9EBA78-7176-431B-88C2-DA5D41514A0B}
		{362FCF7D-FEC1-4985-BD9D-142242CA5CB9} = {CF9EBA78-7176-431B-88C2-DA5D41514A0B}
		{57772589-8EBB-4674-9A5C-F7BA1B226E55} = {40CC68CA-C1E0-4CCE-8330-1A77CDA87F35}
		{CE28BC13-D1F0-40FA-BD37-0C9D3DCA37ED} = {40CC68CA-C1E0-4CCE-8330-1A77CDA87F35}
		{A558EEA3-8F5E-41E5-A5BF-4C9D6B89E207} = {40CC68CA-C1E0-4CCE-8330-1A77CDA87F35}
		{2A4A5E99-63B3-4904-BDC3-0EA6560D251D} = {40CC68CA-C1E0-4CCE-8330-1A77CDA87F35}
		{15FA5CE6-DE87-4958-B9FE-78EDCAB02E5F} = {40CC68CA-C1E0-4CCE-8330-1A77CDA87F35}
		{B88FDF05-B558-4BE7-8B54-3A739829AF6F} = {40CC68CA-C1E0-4CCE-8330-1A77CDA87F35}
		{0F063E1E-243A-4E3A-A89A-AD8BAB5D1917} = {40CC68CA-C1E0-4CCE-8330-1A77CDA87F35}
		{0EBE6C3F-42C6-4575-96C2-5F736E344A28} = {40CC68CA-C1E0-4CCE-8330-1A77CDA87F35}
		{4BDE0771-E02B-4019-ABA3-93571307DC61} = {40CC68CA-C1E0-4CCE-8330-1A77CDA87F35}
		{0474D3FA-71B1-4E05-8539-7298D8705D34} = {40CC68CA-C1E0-4CCE-8330-1A77CDA87F35}
		{173D9214-27AD-4FA3-A912-1BBA30916B6C} = {40CC68CA-C1E0-4CCE-8330-1A77CDA87F35}
		{673FEDBD-4268-495F-8E4D-0182C3BE89BF} = {40CC68CA-C1E0-4CCE-8330-1A77CDA87F35}
		{2E6ED5C9-1EB7-444D-9D25-0C296B471EF3} = {40CC68CA-C1E0-4CCE-8330-1A77CDA87F35}
		{872B6C48-8AE2-4857-BC8D-DF44855BBDE8} = {40CC68CA-C1E0-4CCE-8330-1A77CDA87F35}
		{FDF0A57F-1325-4D10-9E02-71FD625CA9CA} = {40CC68CA-C1E0-4CCE-8330-1A77CDA87F35}
		{741E90C8-17DF-4831-88A3-22E291E8F032} = {40CC68CA-C1E0-4CCE-8330-1A77CDA87F35}
		{37DA8E04-896F-4D75-844D-DAF9C6636976} = {40CC68CA-C1E0-4CCE-8330-1A77CDA87F35}
		{B030FAB7-9E5B-42D3-ABBA-0E1DE63995BE} = {40CC68CA-C1E0-4CCE-8330-1A77CDA87F35}
		{273E3D75-FC8E-4A7C-A3FC-31E097E40C5D} = {40CC68CA-C1E0-4CCE-8330-1A77CDA87F35}
		{DB7F9B5B-EDAD-4AE3-9A37-9FDFA6B1233B} = {40CC68CA-C1E0-4CCE-8330-1A77CDA87F35}
		{A73483EB-EF8C-4799-BB7E-473C36EA52F1} = {40CC68CA-C1E0-4CCE-8330-1A77CDA87F35}
		{BE7EF085-F6FF-49E0-8D6D-8FF7151D8197} = {40CC68CA-C1E0-4CCE-8330-1A77CDA87F35}
		{CA1D2F42-7D74-4CF5-B8E8-EC385A32EB77} = {40CC68CA-C1E0-4CCE-8330-1A77CDA87F35}
		{B703C3F7-35F4-4524-81F6-04F69677E4C9} = {40CC68CA-C1E0-4CCE-8330-1A77CDA87F35}
		{BCB3AE63-9EBD-4051-821B-C90472CB7309} = {40CC68CA-C1E0-4CCE-8330-1A77CDA87F35}
		{2F2FF8B3-E0C9-4D17-95C7-9B859972E8A1} = {40CC68CA-C1E0-4CCE-8330-1A77CDA87F35}
		{21C033FD-B31A-4835-BCD3-591AF9B3486F} = {40CC68CA-C1E0-4CCE-8330-1A77CDA87F35}
		{2C79F3E8-64B2-4B09-9F81-D0869FF89C52} = {40CC68CA-C1E0-4CCE-8330-1A77CDA87F35}
		{F03D19C7-EA74-4523-9651-EECA881BB017} = {407EC89C-FEB1-4F4C-9703-477BB7B389C7}
		{4A371E0D-778A-4DC6-B875-0C5749D521CA} = {407EC89C-FEB1-4F4C-9703-477BB7B389C7}
		{110B5432-4526-4DC5-A30B-406E6E6F1A50} = {0915793B-4B90-4286-A314-1985A1706561}
		{51E23D92-81F1-4EFE-A375-EAFD5161982B} = {110B5432-4526-4DC5-A30B-406E6E6F1A50}
		{0C862C8A-16CF-413B-A846-6334847B4C16} = {110B5432-4526-4DC5-A30B-406E6E6F1A50}
		{1CC5E250-6CAF-4392-A4AC-85B82D068DC8} = {0915793B-4B90-4286-A314-1985A1706561}
		{27884B09-1F83-4A5F-81B7-89098A84C9A8} = {1CC5E250-6CAF-4392-A4AC-85B82D068DC8}
		{93242B5A-B3F9-4167-8187-91B92930F6FF} = {1CC5E250-6CAF-4392-A4AC-85B82D068DC8}
		{1B6FBC2F-096F-4DE3-A788-2D054E0A3278} = {6A385D7C-3DF8-4FEF-BDF2-E6791444959D}
		{9FF8E298-2E25-4ABC-B107-5FD9592024FC} = {0FAC3A5E-C8A1-4F0B-9AE5-FFD57401A0BB}
		{65FB2AAE-FA58-4841-9A05-996A916C2F59} = {0FAC3A5E-C8A1-4F0B-9AE5-FFD57401A0BB}
		{2364CECE-B584-4D24-8A5C-9C1905C7ED01} = {0FAC3A5E-C8A1-4F0B-9AE5-FFD57401A0BB}
		{A18FE850-D5E4-49CA-851B-CDF445F5824F} = {0FAC3A5E-C8A1-4F0B-9AE5-FFD57401A0BB}
		{048C02D9-3A7B-488A-8AA9-9EA41264A97A} = {0FAC3A5E-C8A1-4F0B-9AE5-FFD57401A0BB}
		{2B0E1B6E-E0C5-428E-B9A7-E196A5805BDA} = {407EC89C-FEB1-4F4C-9703-477BB7B389C7}
		{B06436E0-02C7-4253-9232-C62529996B28} = {CCD73273-4607-4CFD-914B-34785290E298}
		{153FE116-E22D-48D8-BC53-E78B50DD8B9E} = {CCD73273-4607-4CFD-914B-34785290E298}
		{57C8EB9B-566D-466A-B2F1-7B4EBACBEC9D} = {CCD73273-4607-4CFD-914B-34785290E298}
		{949CC2D2-764C-4826-90BB-2FEC9EBD7BEE} = {CCD73273-4607-4CFD-914B-34785290E298}
		{8C088607-5986-4491-926B-C3E66E1BA369} = {CCD73273-4607-4CFD-914B-34785290E298}
		{05886A2E-0EA3-4CC2-980C-75C63C3C0B80} = {CCD73273-4607-4CFD-914B-34785290E298}
		{423B835A-291D-466B-A3E2-01DDA4014D67} = {CCD73273-4607-4CFD-914B-34785290E298}
		{E53D5612-B554-40D2-80E6-9B4115EC8D0F} = {CCD73273-4607-4CFD-914B-34785290E298}
		{D3AF1782-E0EE-44D5-AFA7-3A0C9DF7C042} = {CCD73273-4607-4CFD-914B-34785290E298}
		{B9FA3893-51DE-4D12-BA00-A9D40AB8E48F} = {CCD73273-4607-4CFD-914B-34785290E298}
		{B769D712-4E7E-4744-96A3-1ED33E9A65A5} = {CCD73273-4607-4CFD-914B-34785290E298}
		{698E217F-85CD-4798-85CA-54F2C81621AA} = {CCD73273-4607-4CFD-914B-34785290E298}
		{CBE8FEFF-54B9-4429-91BF-3A1E78BB39F2} = {CCD73273-4607-4CFD-914B-34785290E298}
		{CFFA6451-B188-4E69-8DAF-9B560A6E82F4} = {CCD73273-4607-4CFD-914B-34785290E298}
		{B9E0AB6D-CE29-48ED-BBF4-0881D4239795} = {CCD73273-4607-4CFD-914B-34785290E298}
		{2C38FD40-396A-4169-9A93-6B8727B855D6} = {CCD73273-4607-4CFD-914B-34785290E298}
		{60A233B9-B653-41DA-9BDA-AA216570292F} = {CCD73273-4607-4CFD-914B-34785290E298}
		{C7F7378D-323D-45A0-93CC-FCBD975A647E} = {CCD73273-4607-4CFD-914B-34785290E298}
	EndGlobalSection
	GlobalSection(ExtensibilityGlobals) = postSolution
		SolutionGuid = {9EDE503C-AB1F-4D89-894B-4E645BFE0C33}
	EndGlobalSection
EndGlobal
